
Microsoft Visual Studio Solution File, Format Version 12.00
# Visual Studio Version 16
VisualStudioVersion = 16.0.29403.142
MinimumVisualStudioVersion = 10.0.40219.1
Project("{9A19103F-16F7-4668-BE54-9A1E7A4F7556}") = "CS.VerticalSlices", "CS.VerticalSlices\CS.VerticalSlices.csproj", "{7E52019B-A232-420F-8F81-E958A1EC9317}"
EndProject
Project("{9A19103F-16F7-4668-BE54-9A1E7A4F7556}") = "CS.VerticalSlices.Tests", "CS.VerticalSlices.Tests\CS.VerticalSlices.Tests.csproj", "{A424AB44-725E-408A-ADD3-F246C0BC663D}"
EndProject
Project("{9A19103F-16F7-4668-BE54-9A1E7A4F7556}") = "CS.VerticalSlices.WebApp", "CS.VerticalSlices.WebApp\CS.VerticalSlices.WebApp.csproj", "{A46F8DFA-77A2-4DA9-8479-7EFD4B66713B}"
EndProject
Global
	GlobalSection(SolutionConfigurationPlatforms) = preSolution
		Debug|Any CPU = Debug|Any CPU
		Release|Any CPU = Release|Any CPU
	EndGlobalSection
	GlobalSection(ProjectConfigurationPlatforms) = postSolution
		{7E52019B-A232-420F-8F81-E958A1EC9317}.Debug|Any CPU.ActiveCfg = Debug|Any CPU
		{7E52019B-A232-420F-8F81-E958A1EC9317}.Debug|Any CPU.Build.0 = Debug|Any CPU
		{7E52019B-A232-420F-8F81-E958A1EC9317}.Release|Any CPU.ActiveCfg = Release|Any CPU
		{7E52019B-A232-420F-8F81-E958A1EC9317}.Release|Any CPU.Build.0 = Release|Any CPU
		{A424AB44-725E-408A-ADD3-F246C0BC663D}.Debug|Any CPU.ActiveCfg = Debug|Any CPU
		{A424AB44-725E-408A-ADD3-F246C0BC663D}.Debug|Any CPU.Build.0 = Debug|Any CPU
		{A424AB44-725E-408A-ADD3-F246C0BC663D}.Release|Any CPU.ActiveCfg = Release|Any CPU
		{A424AB44-725E-408A-ADD3-F246C0BC663D}.Release|Any CPU.Build.0 = Release|Any CPU
		{A46F8DFA-77A2-4DA9-8479-7EFD4B66713B}.Debug|Any CPU.ActiveCfg = Debug|Any CPU
		{A46F8DFA-77A2-4DA9-8479-7EFD4B66713B}.Debug|Any CPU.Build.0 = Debug|Any CPU
		{A46F8DFA-77A2-4DA9-8479-7EFD4B66713B}.Release|Any CPU.ActiveCfg = Release|Any CPU
		{A46F8DFA-77A2-4DA9-8479-7EFD4B66713B}.Release|Any CPU.Build.0 = Release|Any CPU
	EndGlobalSection
	GlobalSection(SolutionProperties) = preSolution
		HideSolutionNode = FALSE
	EndGlobalSection
	GlobalSection(ExtensibilityGlobals) = postSolution
		SolutionGuid = {511741DE-7741-44FB-8CCF-BABD615700C6}
	EndGlobalSection
EndGlobal
